
Microsoft Visual Studio Solution File, Format Version 12.00
# Visual Studio Version 17
VisualStudioVersion = 17.5.33414.496
MinimumVisualStudioVersion = 10.0.40219.1
Project("{8BC9CEB8-8B4A-11D0-8D11-00A0C91BC942}") = "CsWrapperCppCLI", "CsWrapperCppCLI\CsWrapperCppCLI.vcxproj", "{E120DCB1-005D-45B5-8503-C6E70DBEE7E3}"
EndProject
Global
	GlobalSection(SolutionConfigurationPlatforms) = preSolution
		Debug|x64 = Debug|x64
		Debug|x86 = Debug|x86
		Release|x64 = Release|x64
		Release|x86 = Release|x86
	EndGlobalSection
	GlobalSection(ProjectConfigurationPlatforms) = postSolution
		{E120DCB1-005D-45B5-8503-C6E70DBEE7E3}.Debug|x64.ActiveCfg = Debug|x64
		{E120DCB1-005D-45B5-8503-C6E70DBEE7E3}.Debug|x64.Build.0 = Debug|x64
		{E120DCB1-005D-45B5-8503-C6E70DBEE7E3}.Debug|x86.ActiveCfg = Debug|Win32
		{E120DCB1-005D-45B5-8503-C6E70DBEE7E3}.Debug|x86.Build.0 = Debug|Win32
		{E120DCB1-005D-45B5-8503-C6E70DBEE7E3}.Release|x64.ActiveCfg = Release|x64
		{E120DCB1-005D-45B5-8503-C6E70DBEE7E3}.Release|x64.Build.0 = Release|x64
		{E120DCB1-005D-45B5-8503-C6E70DBEE7E3}.Release|x86.ActiveCfg = Release|Win32
		{E120DCB1-005D-45B5-8503-C6E70DBEE7E3}.Release|x86.Build.0 = Release|Win32
	EndGlobalSection
	GlobalSection(SolutionProperties) = preSolution
		HideSolutionNode = FALSE
	EndGlobalSection
	GlobalSection(ExtensibilityGlobals) = postSolution
		SolutionGuid = {FFD3FC0B-B66F-4DBE-84AC-3EB085EA84DB}
	EndGlobalSection
EndGlobal
